
Microsoft Visual Studio Solution File, Format Version 12.00
# Visual Studio Version 16
VisualStudioVersion = 16.0.31205.134
MinimumVisualStudioVersion = 10.0.40219.1
Project("{00D1A9C2-B5F0-4AF3-8072-F6C62B433612}") = "ContactManager.DB", "ContactManager.DB\ContactManager.DB.sqlproj", "{31FE4B91-4A6F-4C01-854C-CF89B720EAA8}"
EndProject
Project("{FAE04EC0-301F-11D3-BF4B-00C04F79EFBC}") = "ContactManager.Model.Global", "ContactManager.Model.Global\ContactManager.Model.Global.csproj", "{C5D03ED5-240D-4CD1-87DD-C3626930C628}"
EndProject
Project("{FAE04EC0-301F-11D3-BF4B-00C04F79EFBC}") = "ContactManager.Repository", "ContactManager.Model.Repository\ContactManager.Repository.csproj", "{06BE7251-B5B2-4D6A-96FA-0A140E85D2EC}"
EndProject
Project("{FAE04EC0-301F-11D3-BF4B-00C04F79EFBC}") = "ContactManager.Test", "ContactManager.Test\ContactManager.Test.csproj", "{21D45A90-C769-44A2-8950-614B26EF6A65}"
EndProject
Project("{FAE04EC0-301F-11D3-BF4B-00C04F79EFBC}") = "ContactManager.Model.Client", "ContactManager.Model.Client\ContactManager.Model.Client.csproj", "{DECEB2EE-C45E-474F-9E8A-2B82E1A6BFF3}"
EndProject
Global
	GlobalSection(SolutionConfigurationPlatforms) = preSolution
		Debug|Any CPU = Debug|Any CPU
		Release|Any CPU = Release|Any CPU
	EndGlobalSection
	GlobalSection(ProjectConfigurationPlatforms) = postSolution
		{31FE4B91-4A6F-4C01-854C-CF89B720EAA8}.Debug|Any CPU.ActiveCfg = Debug|Any CPU
		{31FE4B91-4A6F-4C01-854C-CF89B720EAA8}.Debug|Any CPU.Build.0 = Debug|Any CPU
		{31FE4B91-4A6F-4C01-854C-CF89B720EAA8}.Debug|Any CPU.Deploy.0 = Debug|Any CPU
		{31FE4B91-4A6F-4C01-854C-CF89B720EAA8}.Release|Any CPU.ActiveCfg = Release|Any CPU
		{31FE4B91-4A6F-4C01-854C-CF89B720EAA8}.Release|Any CPU.Build.0 = Release|Any CPU
		{31FE4B91-4A6F-4C01-854C-CF89B720EAA8}.Release|Any CPU.Deploy.0 = Release|Any CPU
		{C5D03ED5-240D-4CD1-87DD-C3626930C628}.Debug|Any CPU.ActiveCfg = Debug|Any CPU
		{C5D03ED5-240D-4CD1-87DD-C3626930C628}.Debug|Any CPU.Build.0 = Debug|Any CPU
		{C5D03ED5-240D-4CD1-87DD-C3626930C628}.Release|Any CPU.ActiveCfg = Release|Any CPU
		{C5D03ED5-240D-4CD1-87DD-C3626930C628}.Release|Any CPU.Build.0 = Release|Any CPU
		{06BE7251-B5B2-4D6A-96FA-0A140E85D2EC}.Debug|Any CPU.ActiveCfg = Debug|Any CPU
		{06BE7251-B5B2-4D6A-96FA-0A140E85D2EC}.Debug|Any CPU.Build.0 = Debug|Any CPU
		{06BE7251-B5B2-4D6A-96FA-0A140E85D2EC}.Release|Any CPU.ActiveCfg = Release|Any CPU
		{06BE7251-B5B2-4D6A-96FA-0A140E85D2EC}.Release|Any CPU.Build.0 = Release|Any CPU
		{21D45A90-C769-44A2-8950-614B26EF6A65}.Debug|Any CPU.ActiveCfg = Debug|Any CPU
		{21D45A90-C769-44A2-8950-614B26EF6A65}.Debug|Any CPU.Build.0 = Debug|Any CPU
		{21D45A90-C769-44A2-8950-614B26EF6A65}.Release|Any CPU.ActiveCfg = Release|Any CPU
		{21D45A90-C769-44A2-8950-614B26EF6A65}.Release|Any CPU.Build.0 = Release|Any CPU
		{DECEB2EE-C45E-474F-9E8A-2B82E1A6BFF3}.Debug|Any CPU.ActiveCfg = Debug|Any CPU
		{DECEB2EE-C45E-474F-9E8A-2B82E1A6BFF3}.Debug|Any CPU.Build.0 = Debug|Any CPU
		{DECEB2EE-C45E-474F-9E8A-2B82E1A6BFF3}.Release|Any CPU.ActiveCfg = Release|Any CPU
		{DECEB2EE-C45E-474F-9E8A-2B82E1A6BFF3}.Release|Any CPU.Build.0 = Release|Any CPU
	EndGlobalSection
	GlobalSection(SolutionProperties) = preSolution
		HideSolutionNode = FALSE
	EndGlobalSection
	GlobalSection(ExtensibilityGlobals) = postSolution
		SolutionGuid = {CC292095-977A-45CF-AD60-82AF350EBC4A}
	EndGlobalSection
EndGlobal
